{
  "originHash" : "0f3baa730cb31487893f5bdde7a9afbef2cfaeac1ba914e8f1278af43fbfabe0",
  "pins" : [
    {
      "identity" : "spm",
      "kind" : "remoteSourceControl",
      "location" : "https://github.com/ios-3ds-sdk/SPM.git",
      "state" : {
        "revision" : "b65ec9c14585d94a0b8b5753916a312f1e078e3e",
        "version" : "2.5.32"
      }
    }
  ],
  "version" : 3
}
