{
  "pins" : [
    {
      "identity" : "ios-3ds-sdk-spm",
      "kind" : "remoteSourceControl",
      "location" : "https://github.com/netceteragroup/ios-3ds-sdk-spm.git",
      "state" : {
        "revision" : "e2fe4a1430d3d3185ea7c84b87a0cfdefbe3e077",
        "version" : "2.7.00"
      }
    }
  ],
  "version" : 2
}
