{
  "pins" : [
    {
      "identity" : "ios-3ds-sdk-spm",
      "kind" : "remoteSourceControl",
      "location" : "https://github.com/netceteragroup/ios-3ds-sdk-spm.git",
      "state" : {
        "revision" : "c831f660e84b2f4f09a728534f1764c5e7b78994",
        "version" : "2.7.1"
      }
    }
  ],
  "version" : 2
}
